{
  "projects": [
    {
      "projectId": "ku6Sf4rtBvc4dQ1SyEoEgQ",
      "version": "latest",
      "dependencies": {},
      "lang": "ts",
      "fileLocks": [
        {
          "type": "globalVariant",
          "assetId": "nZyqdRJghh2R",
          "checksum": "6331b04b69fe069eee7712e776fdfcbf"
        },
        {
          "type": "renderModule",
          "assetId": "wtClp25O9srL",
          "checksum": "7086936403c4599fe2cf227056b0c07a"
        },
        {
          "type": "cssRules",
          "assetId": "wtClp25O9srL",
          "checksum": "7086936403c4599fe2cf227056b0c07a"
        },
        {
          "type": "renderModule",
          "assetId": "uk1mkEl2emF5",
          "checksum": "bacad07ca4232082b3bcac81c96c3525"
        },
        {
          "type": "cssRules",
          "assetId": "uk1mkEl2emF5",
          "checksum": "bacad07ca4232082b3bcac81c96c3525"
        },
        {
          "type": "icon",
          "assetId": "YvuWLs4IKE7D",
          "checksum": "99d4448c1f56234ba25973b683daf441"
        },
        {
          "type": "icon",
          "assetId": "zdGaONv13aNS",
          "checksum": "67909cb6866857ff88f606acebfa9230"
        },
        {
          "type": "icon",
          "assetId": "3sDOjjhPqGyF",
          "checksum": "dedbdb70c06237d666cd5f8dcc2139b3"
        },
        {
          "type": "renderModule",
          "assetId": "CktnmCyKNbEc",
          "checksum": "b8bce6675420b483da893314c777b3f4"
        },
        {
          "type": "cssRules",
          "assetId": "CktnmCyKNbEc",
          "checksum": "b8bce6675420b483da893314c777b3f4"
        },
        {
          "type": "renderModule",
          "assetId": "jU6e8T6oRosp",
          "checksum": "be86d6686200e669d2f3ccab26b9e1e8"
        },
        {
          "type": "cssRules",
          "assetId": "jU6e8T6oRosp",
          "checksum": "be86d6686200e669d2f3ccab26b9e1e8"
        },
        {
          "type": "renderModule",
          "assetId": "wmCnuxcQdxPB",
          "checksum": "9282f60615ea29cfbe293feb8cb8f1b5"
        },
        {
          "type": "cssRules",
          "assetId": "wmCnuxcQdxPB",
          "checksum": "9282f60615ea29cfbe293feb8cb8f1b5"
        },
        {
          "type": "image",
          "assetId": "f6ygIHOANFmX",
          "checksum": "3b9e69bcbd214e6c1880662a2b7a5a0c"
        },
        {
          "type": "image",
          "assetId": "KXnf2tx4O4OR",
          "checksum": "3df4318c1f996d4ebc1c7fd3118acef3"
        },
        {
          "assetId": "ku6Sf4rtBvc4dQ1SyEoEgQ",
          "type": "projectCss",
          "checksum": "0a292ae2acf8131bb1ae24434600ec96"
        }
      ],
      "codegenVersion": "0.0.1"
    }
  ],
  "cliVersion": "0.1.334"
}
