{
  "projects": [
    {
      "projectId": "ku6Sf4rtBvc4dQ1SyEoEgQ",
      "version": "latest",
      "dependencies": {
        "gmeH6XgPaBtkt51HunAo4g": "18.17.0"
      },
      "lang": "ts",
      "fileLocks": [
        {
          "type": "globalVariant",
          "assetId": "nZyqdRJghh2R",
          "checksum": "6331b04b69fe069eee7712e776fdfcbf"
        },
        {
          "type": "renderModule",
          "assetId": "wtClp25O9srL",
          "checksum": "ec262eb1402de7393e7b65773a34167f"
        },
        {
          "type": "cssRules",
          "assetId": "wtClp25O9srL",
          "checksum": "ec262eb1402de7393e7b65773a34167f"
        },
        {
          "type": "renderModule",
          "assetId": "uk1mkEl2emF5",
          "checksum": "bacad07ca4232082b3bcac81c96c3525"
        },
        {
          "type": "cssRules",
          "assetId": "uk1mkEl2emF5",
          "checksum": "bacad07ca4232082b3bcac81c96c3525"
        },
        {
          "type": "icon",
          "assetId": "YvuWLs4IKE7D",
          "checksum": "99d4448c1f56234ba25973b683daf441"
        },
        {
          "type": "icon",
          "assetId": "zdGaONv13aNS",
          "checksum": "67909cb6866857ff88f606acebfa9230"
        },
        {
          "type": "icon",
          "assetId": "3sDOjjhPqGyF",
          "checksum": "dedbdb70c06237d666cd5f8dcc2139b3"
        },
        {
          "type": "renderModule",
          "assetId": "CktnmCyKNbEc",
          "checksum": "79b82a25c92620eec3b658520dedde5b"
        },
        {
          "type": "cssRules",
          "assetId": "CktnmCyKNbEc",
          "checksum": "79b82a25c92620eec3b658520dedde5b"
        },
        {
          "type": "renderModule",
          "assetId": "jU6e8T6oRosp",
          "checksum": "be86d6686200e669d2f3ccab26b9e1e8"
        },
        {
          "type": "cssRules",
          "assetId": "jU6e8T6oRosp",
          "checksum": "be86d6686200e669d2f3ccab26b9e1e8"
        },
        {
          "type": "renderModule",
          "assetId": "wmCnuxcQdxPB",
          "checksum": "6ac8cf3b1aec236ab5a0c38e6d4a086e"
        },
        {
          "type": "cssRules",
          "assetId": "wmCnuxcQdxPB",
          "checksum": "6ac8cf3b1aec236ab5a0c38e6d4a086e"
        },
        {
          "type": "image",
          "assetId": "f6ygIHOANFmX",
          "checksum": "3b9e69bcbd214e6c1880662a2b7a5a0c"
        },
        {
          "type": "image",
          "assetId": "KXnf2tx4O4OR",
          "checksum": "3df4318c1f996d4ebc1c7fd3118acef3"
        },
        {
          "assetId": "ku6Sf4rtBvc4dQ1SyEoEgQ",
          "type": "projectCss",
          "checksum": "47b5a7903e65e67d290022244031ae05"
        },
        {
          "type": "renderModule",
          "assetId": "6tzytqaWUCZf",
          "checksum": "fcc962e2ee61777bde3057cd13d79056"
        },
        {
          "type": "cssRules",
          "assetId": "6tzytqaWUCZf",
          "checksum": "fcc962e2ee61777bde3057cd13d79056"
        },
        {
          "type": "renderModule",
          "assetId": "mFh1b29Pfxhj",
          "checksum": "f36fcce9e08dacda12e199e8de540f6d"
        },
        {
          "type": "cssRules",
          "assetId": "mFh1b29Pfxhj",
          "checksum": "f36fcce9e08dacda12e199e8de540f6d"
        },
        {
          "type": "renderModule",
          "assetId": "zavPxtdCzwg9",
          "checksum": "07ddf7cd1e1eb8641f3efdbfb74b66c5"
        },
        {
          "type": "cssRules",
          "assetId": "zavPxtdCzwg9",
          "checksum": "07ddf7cd1e1eb8641f3efdbfb74b66c5"
        },
        {
          "type": "renderModule",
          "assetId": "yCiCJZvN81Fx",
          "checksum": "fa15c9e783c7502d056fd1c44d404dc3"
        },
        {
          "type": "cssRules",
          "assetId": "yCiCJZvN81Fx",
          "checksum": "fa15c9e783c7502d056fd1c44d404dc3"
        },
        {
          "type": "icon",
          "assetId": "7f-joq4uQeg3",
          "checksum": "330089865be5744bfb75cef366e607bf"
        },
        {
          "type": "icon",
          "assetId": "u2AOk31ysxGR",
          "checksum": "4d5813485a4990e179398ff956ac67e1"
        },
        {
          "type": "image",
          "assetId": "ajACfh3l10cF",
          "checksum": "8a13d560dd2b30e926923b6f6690885e"
        },
        {
          "type": "image",
          "assetId": "GEWLeVxZ0HfS",
          "checksum": "230320d2551d60e171a35fbcf72031c0"
        },
        {
          "type": "image",
          "assetId": "xFWSF14_py3p",
          "checksum": "9afeb36bee64d9246c311ecde63a1903"
        }
      ],
      "codegenVersion": "0.0.1"
    },
    {
      "projectId": "gmeH6XgPaBtkt51HunAo4g",
      "version": "18.17.0",
      "dependencies": {},
      "lang": "ts",
      "fileLocks": [
        {
          "assetId": "gmeH6XgPaBtkt51HunAo4g",
          "type": "projectCss",
          "checksum": "1c02168c6b23256606111fdfdbb63549"
        }
      ],
      "codegenVersion": "0.0.1"
    }
  ],
  "cliVersion": "0.1.334"
}
